
Microsoft Visual Studio Solution File, Format Version 12.00
# Visual Studio Version 16
VisualStudioVersion = 16.0.30717.126
MinimumVisualStudioVersion = 10.0.40219.1
Project("{FAE04EC0-301F-11D3-BF4B-00C04F79EFBC}") = "NetJSON", "NetJSON\NetJSON.csproj", "{1308D326-02BB-45BD-8549-18F78A81F204}"
	ProjectSection(ProjectDependencies) = postProject
		{02A93376-FF15-461A-8095-176FE1E8D8D5} = {02A93376-FF15-461A-8095-176FE1E8D8D5}
	EndProjectSection
EndProject
Project("{FAE04EC0-301F-11D3-BF4B-00C04F79EFBC}") = "NetJSON.V3_5", "NetJSON.V3_5\NetJSON.V3_5.csproj", "{BF485716-70B1-43FB-A8CE-A4EEE1EA48FA}"
EndProject
Project("{FAE04EC0-301F-11D3-BF4B-00C04F79EFBC}") = "NetJSON.Tests", "NetJSON.Tests\NetJSON.Tests.csproj", "{627AA273-E995-48FF-BFD5-583A3ACC2547}"
EndProject
Project("{FAE04EC0-301F-11D3-BF4B-00C04F79EFBC}") = "NetJSON.V3_5.Tests", "NetJSON.V3_5.Tests\NetJSON.V3_5.Tests.csproj", "{9B1587E2-43DA-4668-92D1-C8B1D9B1228E}"
EndProject
Project("{9A19103F-16F7-4668-BE54-9A1E7A4F7556}") = "NetJSON.Core", "NetJSON.Core\NetJSON.Core.csproj", "{02A93376-FF15-461A-8095-176FE1E8D8D5}"
EndProject
Project("{9A19103F-16F7-4668-BE54-9A1E7A4F7556}") = "NetJSON.Core.Tests", "NetJSON.Core.Tests\NetJSON.Core.Tests.csproj", "{E97AE000-A9EB-40A4-8A16-D7A048349D1B}"
EndProject
Project("{FAE04EC0-301F-11D3-BF4B-00C04F79EFBC}") = "NetJSON.V4_6", "NetJSON.V4_6\NetJSON.V4_6.csproj", "{75DD27BC-85EC-4E5E-990C-843E153EF26B}"
EndProject
Project("{FAE04EC0-301F-11D3-BF4B-00C04F79EFBC}") = "NetJSON.V4_7", "NetJSON.V4_7\NetJSON.V4_7.csproj", "{70D8E770-96B0-4565-A3CF-772D606A707E}"
EndProject
Project("{9A19103F-16F7-4668-BE54-9A1E7A4F7556}") = "NetJSON.Standard2_0", "NetJSON.Standard2_0\NetJSON.Standard2_0.csproj", "{88A86D83-23B0-469E-AD09-40BBDE964009}"
EndProject
Project("{9A19103F-16F7-4668-BE54-9A1E7A4F7556}") = "NetJSON.Standard2_0.Tests", "NetJSON.Standard2_0.Tests\NetJSON.Standard2_0.Tests.csproj", "{FC18955D-C829-4B67-8D1B-471FC083D29F}"
EndProject
Project("{FAE04EC0-301F-11D3-BF4B-00C04F79EFBC}") = "NetJSON.TestHarness", "NetJSON.TestHarness\NetJSON.TestHarness.csproj", "{A3C27161-165E-4357-9E1C-1A6FB334CF11}"
EndProject
Project("{9A19103F-16F7-4668-BE54-9A1E7A4F7556}") = "NetJSON.Net5_0", "NetJSON.Net5_0\NetJSON.Net5_0.csproj", "{49CFDAC0-D244-4112-A56B-B457E02C76C5}"
EndProject
Project("{9A19103F-16F7-4668-BE54-9A1E7A4F7556}") = "NetJSON.Net5_0.Tests", "NetJSON.Net5_0.Tests\NetJSON.Net5_0.Tests.csproj", "{593B2B1F-212A-4F4D-853F-38FCA864AE33}"
EndProject
Project("{9A19103F-16F7-4668-BE54-9A1E7A4F7556}") = "NetJSON.Benchmark.Net5_0", "NetJSON.Benchmark.Net5_0\NetJSON.Benchmark.Net5_0.csproj", "{5F9D7EA0-9A3B-4535-8B7C-DE31B3E89286}"
EndProject
Project("{9A19103F-16F7-4668-BE54-9A1E7A4F7556}") = "NetJSON.Net6_0", "NetJSON.Net6_0\NetJSON.Net6_0.csproj", "{E04CCE8F-DD0C-4ABC-9A5D-59E0B6276B90}"
EndProject
Project("{9A19103F-16F7-4668-BE54-9A1E7A4F7556}") = "NetJSON.Net6_0.Tests", "NetJSON.Net6_0.Tests\NetJSON.Net6_0.Tests.csproj", "{EC03BC7E-67DC-4974-B771-C2DC14A2C25E}"
EndProject
Global
	GlobalSection(SolutionConfigurationPlatforms) = preSolution
		Debug|Any CPU = Debug|Any CPU
		NetCore-Debug|Any CPU = NetCore-Debug|Any CPU
		NetCore-Release|Any CPU = NetCore-Release|Any CPU
		NetFX-Debug|Any CPU = NetFX-Debug|Any CPU
		NetFX-Release|Any CPU = NetFX-Release|Any CPU
		Release|Any CPU = Release|Any CPU
	EndGlobalSection
	GlobalSection(ProjectConfigurationPlatforms) = postSolution
		{1308D326-02BB-45BD-8549-18F78A81F204}.Debug|Any CPU.ActiveCfg = Debug|Any CPU
		{1308D326-02BB-45BD-8549-18F78A81F204}.Debug|Any CPU.Build.0 = Debug|Any CPU
		{1308D326-02BB-45BD-8549-18F78A81F204}.NetCore-Debug|Any CPU.ActiveCfg = Debug|Any CPU
		{1308D326-02BB-45BD-8549-18F78A81F204}.NetCore-Release|Any CPU.ActiveCfg = Release|Any CPU
		{1308D326-02BB-45BD-8549-18F78A81F204}.NetFX-Debug|Any CPU.ActiveCfg = Debug|Any CPU
		{1308D326-02BB-45BD-8549-18F78A81F204}.NetFX-Debug|Any CPU.Build.0 = Debug|Any CPU
		{1308D326-02BB-45BD-8549-18F78A81F204}.NetFX-Release|Any CPU.ActiveCfg = Release|Any CPU
		{1308D326-02BB-45BD-8549-18F78A81F204}.NetFX-Release|Any CPU.Build.0 = Release|Any CPU
		{1308D326-02BB-45BD-8549-18F78A81F204}.Release|Any CPU.ActiveCfg = Release|Any CPU
		{1308D326-02BB-45BD-8549-18F78A81F204}.Release|Any CPU.Build.0 = Release|Any CPU
		{BF485716-70B1-43FB-A8CE-A4EEE1EA48FA}.Debug|Any CPU.ActiveCfg = Debug|Any CPU
		{BF485716-70B1-43FB-A8CE-A4EEE1EA48FA}.Debug|Any CPU.Build.0 = Debug|Any CPU
		{BF485716-70B1-43FB-A8CE-A4EEE1EA48FA}.NetCore-Debug|Any CPU.ActiveCfg = Debug|Any CPU
		{BF485716-70B1-43FB-A8CE-A4EEE1EA48FA}.NetCore-Release|Any CPU.ActiveCfg = Release|Any CPU
		{BF485716-70B1-43FB-A8CE-A4EEE1EA48FA}.NetFX-Debug|Any CPU.ActiveCfg = Debug|Any CPU
		{BF485716-70B1-43FB-A8CE-A4EEE1EA48FA}.NetFX-Debug|Any CPU.Build.0 = Debug|Any CPU
		{BF485716-70B1-43FB-A8CE-A4EEE1EA48FA}.NetFX-Release|Any CPU.ActiveCfg = Release|Any CPU
		{BF485716-70B1-43FB-A8CE-A4EEE1EA48FA}.NetFX-Release|Any CPU.Build.0 = Release|Any CPU
		{BF485716-70B1-43FB-A8CE-A4EEE1EA48FA}.Release|Any CPU.ActiveCfg = Release|Any CPU
		{BF485716-70B1-43FB-A8CE-A4EEE1EA48FA}.Release|Any CPU.Build.0 = Release|Any CPU
		{627AA273-E995-48FF-BFD5-583A3ACC2547}.Debug|Any CPU.ActiveCfg = Debug|Any CPU
		{627AA273-E995-48FF-BFD5-583A3ACC2547}.Debug|Any CPU.Build.0 = Debug|Any CPU
		{627AA273-E995-48FF-BFD5-583A3ACC2547}.NetCore-Debug|Any CPU.ActiveCfg = Debug|Any CPU
		{627AA273-E995-48FF-BFD5-583A3ACC2547}.NetCore-Release|Any CPU.ActiveCfg = Release|Any CPU
		{627AA273-E995-48FF-BFD5-583A3ACC2547}.NetFX-Debug|Any CPU.ActiveCfg = Debug|Any CPU
		{627AA273-E995-48FF-BFD5-583A3ACC2547}.NetFX-Debug|Any CPU.Build.0 = Debug|Any CPU
		{627AA273-E995-48FF-BFD5-583A3ACC2547}.NetFX-Release|Any CPU.ActiveCfg = Release|Any CPU
		{627AA273-E995-48FF-BFD5-583A3ACC2547}.NetFX-Release|Any CPU.Build.0 = Release|Any CPU
		{627AA273-E995-48FF-BFD5-583A3ACC2547}.Release|Any CPU.ActiveCfg = Release|Any CPU
		{627AA273-E995-48FF-BFD5-583A3ACC2547}.Release|Any CPU.Build.0 = Release|Any CPU
		{9B1587E2-43DA-4668-92D1-C8B1D9B1228E}.Debug|Any CPU.ActiveCfg = Debug|Any CPU
		{9B1587E2-43DA-4668-92D1-C8B1D9B1228E}.Debug|Any CPU.Build.0 = Debug|Any CPU
		{9B1587E2-43DA-4668-92D1-C8B1D9B1228E}.NetCore-Debug|Any CPU.ActiveCfg = Debug|Any CPU
		{9B1587E2-43DA-4668-92D1-C8B1D9B1228E}.NetCore-Release|Any CPU.ActiveCfg = Release|Any CPU
		{9B1587E2-43DA-4668-92D1-C8B1D9B1228E}.NetFX-Debug|Any CPU.ActiveCfg = Debug|Any CPU
		{9B1587E2-43DA-4668-92D1-C8B1D9B1228E}.NetFX-Debug|Any CPU.Build.0 = Debug|Any CPU
		{9B1587E2-43DA-4668-92D1-C8B1D9B1228E}.NetFX-Release|Any CPU.ActiveCfg = Release|Any CPU
		{9B1587E2-43DA-4668-92D1-C8B1D9B1228E}.NetFX-Release|Any CPU.Build.0 = Release|Any CPU
		{9B1587E2-43DA-4668-92D1-C8B1D9B1228E}.Release|Any CPU.ActiveCfg = Release|Any CPU
		{9B1587E2-43DA-4668-92D1-C8B1D9B1228E}.Release|Any CPU.Build.0 = Release|Any CPU
		{02A93376-FF15-461A-8095-176FE1E8D8D5}.Debug|Any CPU.ActiveCfg = Debug|Any CPU
		{02A93376-FF15-461A-8095-176FE1E8D8D5}.Debug|Any CPU.Build.0 = Debug|Any CPU
		{02A93376-FF15-461A-8095-176FE1E8D8D5}.NetCore-Debug|Any CPU.ActiveCfg = Debug|Any CPU
		{02A93376-FF15-461A-8095-176FE1E8D8D5}.NetCore-Debug|Any CPU.Build.0 = Debug|Any CPU
		{02A93376-FF15-461A-8095-176FE1E8D8D5}.NetCore-Release|Any CPU.ActiveCfg = Release|Any CPU
		{02A93376-FF15-461A-8095-176FE1E8D8D5}.NetCore-Release|Any CPU.Build.0 = Release|Any CPU
		{02A93376-FF15-461A-8095-176FE1E8D8D5}.NetFX-Debug|Any CPU.ActiveCfg = Debug|Any CPU
		{02A93376-FF15-461A-8095-176FE1E8D8D5}.NetFX-Release|Any CPU.ActiveCfg = Release|Any CPU
		{02A93376-FF15-461A-8095-176FE1E8D8D5}.Release|Any CPU.ActiveCfg = Release|Any CPU
		{02A93376-FF15-461A-8095-176FE1E8D8D5}.Release|Any CPU.Build.0 = Release|Any CPU
		{E97AE000-A9EB-40A4-8A16-D7A048349D1B}.Debug|Any CPU.ActiveCfg = Debug|Any CPU
		{E97AE000-A9EB-40A4-8A16-D7A048349D1B}.Debug|Any CPU.Build.0 = Debug|Any CPU
		{E97AE000-A9EB-40A4-8A16-D7A048349D1B}.NetCore-Debug|Any CPU.ActiveCfg = Debug|Any CPU
		{E97AE000-A9EB-40A4-8A16-D7A048349D1B}.NetCore-Debug|Any CPU.Build.0 = Debug|Any CPU
		{E97AE000-A9EB-40A4-8A16-D7A048349D1B}.NetCore-Release|Any CPU.ActiveCfg = Release|Any CPU
		{E97AE000-A9EB-40A4-8A16-D7A048349D1B}.NetCore-Release|Any CPU.Build.0 = Release|Any CPU
		{E97AE000-A9EB-40A4-8A16-D7A048349D1B}.NetFX-Debug|Any CPU.ActiveCfg = Debug|Any CPU
		{E97AE000-A9EB-40A4-8A16-D7A048349D1B}.NetFX-Release|Any CPU.ActiveCfg = Release|Any CPU
		{E97AE000-A9EB-40A4-8A16-D7A048349D1B}.Release|Any CPU.ActiveCfg = Release|Any CPU
		{E97AE000-A9EB-40A4-8A16-D7A048349D1B}.Release|Any CPU.Build.0 = Release|Any CPU
		{75DD27BC-85EC-4E5E-990C-843E153EF26B}.Debug|Any CPU.ActiveCfg = Debug|Any CPU
		{75DD27BC-85EC-4E5E-990C-843E153EF26B}.Debug|Any CPU.Build.0 = Debug|Any CPU
		{75DD27BC-85EC-4E5E-990C-843E153EF26B}.NetCore-Debug|Any CPU.ActiveCfg = Debug|Any CPU
		{75DD27BC-85EC-4E5E-990C-843E153EF26B}.NetCore-Debug|Any CPU.Build.0 = Debug|Any CPU
		{75DD27BC-85EC-4E5E-990C-843E153EF26B}.NetCore-Release|Any CPU.ActiveCfg = Release|Any CPU
		{75DD27BC-85EC-4E5E-990C-843E153EF26B}.NetCore-Release|Any CPU.Build.0 = Release|Any CPU
		{75DD27BC-85EC-4E5E-990C-843E153EF26B}.NetFX-Debug|Any CPU.ActiveCfg = Debug|Any CPU
		{75DD27BC-85EC-4E5E-990C-843E153EF26B}.NetFX-Debug|Any CPU.Build.0 = Debug|Any CPU
		{75DD27BC-85EC-4E5E-990C-843E153EF26B}.NetFX-Release|Any CPU.ActiveCfg = Release|Any CPU
		{75DD27BC-85EC-4E5E-990C-843E153EF26B}.NetFX-Release|Any CPU.Build.0 = Release|Any CPU
		{75DD27BC-85EC-4E5E-990C-843E153EF26B}.Release|Any CPU.ActiveCfg = Release|Any CPU
		{75DD27BC-85EC-4E5E-990C-843E153EF26B}.Release|Any CPU.Build.0 = Release|Any CPU
		{70D8E770-96B0-4565-A3CF-772D606A707E}.Debug|Any CPU.ActiveCfg = Debug|Any CPU
		{70D8E770-96B0-4565-A3CF-772D606A707E}.Debug|Any CPU.Build.0 = Debug|Any CPU
		{70D8E770-96B0-4565-A3CF-772D606A707E}.NetCore-Debug|Any CPU.ActiveCfg = Debug|Any CPU
		{70D8E770-96B0-4565-A3CF-772D606A707E}.NetCore-Debug|Any CPU.Build.0 = Debug|Any CPU
		{70D8E770-96B0-4565-A3CF-772D606A707E}.NetCore-Release|Any CPU.ActiveCfg = Release|Any CPU
		{70D8E770-96B0-4565-A3CF-772D606A707E}.NetCore-Release|Any CPU.Build.0 = Release|Any CPU
		{70D8E770-96B0-4565-A3CF-772D606A707E}.NetFX-Debug|Any CPU.ActiveCfg = Debug|Any CPU
		{70D8E770-96B0-4565-A3CF-772D606A707E}.NetFX-Debug|Any CPU.Build.0 = Debug|Any CPU
		{70D8E770-96B0-4565-A3CF-772D606A707E}.NetFX-Release|Any CPU.ActiveCfg = Release|Any CPU
		{70D8E770-96B0-4565-A3CF-772D606A707E}.NetFX-Release|Any CPU.Build.0 = Release|Any CPU
		{70D8E770-96B0-4565-A3CF-772D606A707E}.Release|Any CPU.ActiveCfg = Release|Any CPU
		{70D8E770-96B0-4565-A3CF-772D606A707E}.Release|Any CPU.Build.0 = Release|Any CPU
		{88A86D83-23B0-469E-AD09-40BBDE964009}.Debug|Any CPU.ActiveCfg = Debug|Any CPU
		{88A86D83-23B0-469E-AD09-40BBDE964009}.Debug|Any CPU.Build.0 = Debug|Any CPU
		{88A86D83-23B0-469E-AD09-40BBDE964009}.NetCore-Debug|Any CPU.ActiveCfg = Debug|Any CPU
		{88A86D83-23B0-469E-AD09-40BBDE964009}.NetCore-Debug|Any CPU.Build.0 = Debug|Any CPU
		{88A86D83-23B0-469E-AD09-40BBDE964009}.NetCore-Release|Any CPU.ActiveCfg = Release|Any CPU
		{88A86D83-23B0-469E-AD09-40BBDE964009}.NetCore-Release|Any CPU.Build.0 = Release|Any CPU
		{88A86D83-23B0-469E-AD09-40BBDE964009}.NetFX-Debug|Any CPU.ActiveCfg = Debug|Any CPU
		{88A86D83-23B0-469E-AD09-40BBDE964009}.NetFX-Debug|Any CPU.Build.0 = Debug|Any CPU
		{88A86D83-23B0-469E-AD09-40BBDE964009}.NetFX-Release|Any CPU.ActiveCfg = Release|Any CPU
		{88A86D83-23B0-469E-AD09-40BBDE964009}.NetFX-Release|Any CPU.Build.0 = Release|Any CPU
		{88A86D83-23B0-469E-AD09-40BBDE964009}.Release|Any CPU.ActiveCfg = Release|Any CPU
		{88A86D83-23B0-469E-AD09-40BBDE964009}.Release|Any CPU.Build.0 = Release|Any CPU
		{FC18955D-C829-4B67-8D1B-471FC083D29F}.Debug|Any CPU.ActiveCfg = Debug|Any CPU
		{FC18955D-C829-4B67-8D1B-471FC083D29F}.Debug|Any CPU.Build.0 = Debug|Any CPU
		{FC18955D-C829-4B67-8D1B-471FC083D29F}.NetCore-Debug|Any CPU.ActiveCfg = Debug|Any CPU
		{FC18955D-C829-4B67-8D1B-471FC083D29F}.NetCore-Debug|Any CPU.Build.0 = Debug|Any CPU
		{FC18955D-C829-4B67-8D1B-471FC083D29F}.NetCore-Release|Any CPU.ActiveCfg = Release|Any CPU
		{FC18955D-C829-4B67-8D1B-471FC083D29F}.NetCore-Release|Any CPU.Build.0 = Release|Any CPU
		{FC18955D-C829-4B67-8D1B-471FC083D29F}.NetFX-Debug|Any CPU.ActiveCfg = Debug|Any CPU
		{FC18955D-C829-4B67-8D1B-471FC083D29F}.NetFX-Debug|Any CPU.Build.0 = Debug|Any CPU
		{FC18955D-C829-4B67-8D1B-471FC083D29F}.NetFX-Release|Any CPU.ActiveCfg = Release|Any CPU
		{FC18955D-C829-4B67-8D1B-471FC083D29F}.NetFX-Release|Any CPU.Build.0 = Release|Any CPU
		{FC18955D-C829-4B67-8D1B-471FC083D29F}.Release|Any CPU.ActiveCfg = Release|Any CPU
		{FC18955D-C829-4B67-8D1B-471FC083D29F}.Release|Any CPU.Build.0 = Release|Any CPU
		{A3C27161-165E-4357-9E1C-1A6FB334CF11}.Debug|Any CPU.ActiveCfg = Debug|Any CPU
		{A3C27161-165E-4357-9E1C-1A6FB334CF11}.Debug|Any CPU.Build.0 = Debug|Any CPU
		{A3C27161-165E-4357-9E1C-1A6FB334CF11}.NetCore-Debug|Any CPU.ActiveCfg = Debug|Any CPU
		{A3C27161-165E-4357-9E1C-1A6FB334CF11}.NetCore-Debug|Any CPU.Build.0 = Debug|Any CPU
		{A3C27161-165E-4357-9E1C-1A6FB334CF11}.NetCore-Release|Any CPU.ActiveCfg = Release|Any CPU
		{A3C27161-165E-4357-9E1C-1A6FB334CF11}.NetCore-Release|Any CPU.Build.0 = Release|Any CPU
		{A3C27161-165E-4357-9E1C-1A6FB334CF11}.NetFX-Debug|Any CPU.ActiveCfg = Debug|Any CPU
		{A3C27161-165E-4357-9E1C-1A6FB334CF11}.NetFX-Debug|Any CPU.Build.0 = Debug|Any CPU
		{A3C27161-165E-4357-9E1C-1A6FB334CF11}.NetFX-Release|Any CPU.ActiveCfg = Release|Any CPU
		{A3C27161-165E-4357-9E1C-1A6FB334CF11}.NetFX-Release|Any CPU.Build.0 = Release|Any CPU
		{A3C27161-165E-4357-9E1C-1A6FB334CF11}.Release|Any CPU.ActiveCfg = Release|Any CPU
		{A3C27161-165E-4357-9E1C-1A6FB334CF11}.Release|Any CPU.Build.0 = Release|Any CPU
		{49CFDAC0-D244-4112-A56B-B457E02C76C5}.Debug|Any CPU.ActiveCfg = Debug|Any CPU
		{49CFDAC0-D244-4112-A56B-B457E02C76C5}.Debug|Any CPU.Build.0 = Debug|Any CPU
		{49CFDAC0-D244-4112-A56B-B457E02C76C5}.NetCore-Debug|Any CPU.ActiveCfg = Debug|Any CPU
		{49CFDAC0-D244-4112-A56B-B457E02C76C5}.NetCore-Debug|Any CPU.Build.0 = Debug|Any CPU
		{49CFDAC0-D244-4112-A56B-B457E02C76C5}.NetCore-Release|Any CPU.ActiveCfg = Release|Any CPU
		{49CFDAC0-D244-4112-A56B-B457E02C76C5}.NetCore-Release|Any CPU.Build.0 = Release|Any CPU
		{49CFDAC0-D244-4112-A56B-B457E02C76C5}.NetFX-Debug|Any CPU.ActiveCfg = Debug|Any CPU
		{49CFDAC0-D244-4112-A56B-B457E02C76C5}.NetFX-Debug|Any CPU.Build.0 = Debug|Any CPU
		{49CFDAC0-D244-4112-A56B-B457E02C76C5}.NetFX-Release|Any CPU.ActiveCfg = Release|Any CPU
		{49CFDAC0-D244-4112-A56B-B457E02C76C5}.NetFX-Release|Any CPU.Build.0 = Release|Any CPU
		{49CFDAC0-D244-4112-A56B-B457E02C76C5}.Release|Any CPU.ActiveCfg = Release|Any CPU
		{49CFDAC0-D244-4112-A56B-B457E02C76C5}.Release|Any CPU.Build.0 = Release|Any CPU
		{593B2B1F-212A-4F4D-853F-38FCA864AE33}.Debug|Any CPU.ActiveCfg = Debug|Any CPU
		{593B2B1F-212A-4F4D-853F-38FCA864AE33}.Debug|Any CPU.Build.0 = Debug|Any CPU
		{593B2B1F-212A-4F4D-853F-38FCA864AE33}.NetCore-Debug|Any CPU.ActiveCfg = Debug|Any CPU
		{593B2B1F-212A-4F4D-853F-38FCA864AE33}.NetCore-Debug|Any CPU.Build.0 = Debug|Any CPU
		{593B2B1F-212A-4F4D-853F-38FCA864AE33}.NetCore-Release|Any CPU.ActiveCfg = Release|Any CPU
		{593B2B1F-212A-4F4D-853F-38FCA864AE33}.NetCore-Release|Any CPU.Build.0 = Release|Any CPU
		{593B2B1F-212A-4F4D-853F-38FCA864AE33}.NetFX-Debug|Any CPU.ActiveCfg = Debug|Any CPU
		{593B2B1F-212A-4F4D-853F-38FCA864AE33}.NetFX-Debug|Any CPU.Build.0 = Debug|Any CPU
		{593B2B1F-212A-4F4D-853F-38FCA864AE33}.NetFX-Release|Any CPU.ActiveCfg = Release|Any CPU
		{593B2B1F-212A-4F4D-853F-38FCA864AE33}.NetFX-Release|Any CPU.Build.0 = Release|Any CPU
		{593B2B1F-212A-4F4D-853F-38FCA864AE33}.Release|Any CPU.ActiveCfg = Release|Any CPU
		{593B2B1F-212A-4F4D-853F-38FCA864AE33}.Release|Any CPU.Build.0 = Release|Any CPU
		{5F9D7EA0-9A3B-4535-8B7C-DE31B3E89286}.Debug|Any CPU.ActiveCfg = Debug|Any CPU
		{5F9D7EA0-9A3B-4535-8B7C-DE31B3E89286}.Debug|Any CPU.Build.0 = Debug|Any CPU
		{5F9D7EA0-9A3B-4535-8B7C-DE31B3E89286}.NetCore-Debug|Any CPU.ActiveCfg = Debug|Any CPU
		{5F9D7EA0-9A3B-4535-8B7C-DE31B3E89286}.NetCore-Debug|Any CPU.Build.0 = Debug|Any CPU
		{5F9D7EA0-9A3B-4535-8B7C-DE31B3E89286}.NetCore-Release|Any CPU.ActiveCfg = Release|Any CPU
		{5F9D7EA0-9A3B-4535-8B7C-DE31B3E89286}.NetCore-Release|Any CPU.Build.0 = Release|Any CPU
		{5F9D7EA0-9A3B-4535-8B7C-DE31B3E89286}.NetFX-Debug|Any CPU.ActiveCfg = Debug|Any CPU
		{5F9D7EA0-9A3B-4535-8B7C-DE31B3E89286}.NetFX-Debug|Any CPU.Build.0 = Debug|Any CPU
		{5F9D7EA0-9A3B-4535-8B7C-DE31B3E89286}.NetFX-Release|Any CPU.ActiveCfg = Release|Any CPU
		{5F9D7EA0-9A3B-4535-8B7C-DE31B3E89286}.NetFX-Release|Any CPU.Build.0 = Release|Any CPU
		{5F9D7EA0-9A3B-4535-8B7C-DE31B3E89286}.Release|Any CPU.ActiveCfg = Release|Any CPU
		{5F9D7EA0-9A3B-4535-8B7C-DE31B3E89286}.Release|Any CPU.Build.0 = Release|Any CPU
		{E04CCE8F-DD0C-4ABC-9A5D-59E0B6276B90}.Debug|Any CPU.ActiveCfg = Debug|Any CPU
		{E04CCE8F-DD0C-4ABC-9A5D-59E0B6276B90}.Debug|Any CPU.Build.0 = Debug|Any CPU
		{E04CCE8F-DD0C-4ABC-9A5D-59E0B6276B90}.NetCore-Debug|Any CPU.ActiveCfg = Debug|Any CPU
		{E04CCE8F-DD0C-4ABC-9A5D-59E0B6276B90}.NetCore-Debug|Any CPU.Build.0 = Debug|Any CPU
		{E04CCE8F-DD0C-4ABC-9A5D-59E0B6276B90}.NetCore-Release|Any CPU.ActiveCfg = Release|Any CPU
		{E04CCE8F-DD0C-4ABC-9A5D-59E0B6276B90}.NetCore-Release|Any CPU.Build.0 = Release|Any CPU
		{E04CCE8F-DD0C-4ABC-9A5D-59E0B6276B90}.NetFX-Debug|Any CPU.ActiveCfg = Debug|Any CPU
		{E04CCE8F-DD0C-4ABC-9A5D-59E0B6276B90}.NetFX-Debug|Any CPU.Build.0 = Debug|Any CPU
		{E04CCE8F-DD0C-4ABC-9A5D-59E0B6276B90}.NetFX-Release|Any CPU.ActiveCfg = Release|Any CPU
		{E04CCE8F-DD0C-4ABC-9A5D-59E0B6276B90}.NetFX-Release|Any CPU.Build.0 = Release|Any CPU
		{E04CCE8F-DD0C-4ABC-9A5D-59E0B6276B90}.Release|Any CPU.ActiveCfg = Release|Any CPU
		{E04CCE8F-DD0C-4ABC-9A5D-59E0B6276B90}.Release|Any CPU.Build.0 = Release|Any CPU
		{EC03BC7E-67DC-4974-B771-C2DC14A2C25E}.Debug|Any CPU.ActiveCfg = Debug|Any CPU
		{EC03BC7E-67DC-4974-B771-C2DC14A2C25E}.Debug|Any CPU.Build.0 = Debug|Any CPU
		{EC03BC7E-67DC-4974-B771-C2DC14A2C25E}.NetCore-Debug|Any CPU.ActiveCfg = Debug|Any CPU
		{EC03BC7E-67DC-4974-B771-C2DC14A2C25E}.NetCore-Debug|Any CPU.Build.0 = Debug|Any CPU
		{EC03BC7E-67DC-4974-B771-C2DC14A2C25E}.NetCore-Release|Any CPU.ActiveCfg = Release|Any CPU
		{EC03BC7E-67DC-4974-B771-C2DC14A2C25E}.NetCore-Release|Any CPU.Build.0 = Release|Any CPU
		{EC03BC7E-67DC-4974-B771-C2DC14A2C25E}.NetFX-Debug|Any CPU.ActiveCfg = Debug|Any CPU
		{EC03BC7E-67DC-4974-B771-C2DC14A2C25E}.NetFX-Debug|Any CPU.Build.0 = Debug|Any CPU
		{EC03BC7E-67DC-4974-B771-C2DC14A2C25E}.NetFX-Release|Any CPU.ActiveCfg = Release|Any CPU
		{EC03BC7E-67DC-4974-B771-C2DC14A2C25E}.NetFX-Release|Any CPU.Build.0 = Release|Any CPU
		{EC03BC7E-67DC-4974-B771-C2DC14A2C25E}.Release|Any CPU.ActiveCfg = Release|Any CPU
		{EC03BC7E-67DC-4974-B771-C2DC14A2C25E}.Release|Any CPU.Build.0 = Release|Any CPU
	EndGlobalSection
	GlobalSection(SolutionProperties) = preSolution
		HideSolutionNode = FALSE
	EndGlobalSection
	GlobalSection(ExtensibilityGlobals) = postSolution
		SolutionGuid = {D119FEEC-0689-4B25-8305-81201AD54338}
	EndGlobalSection
EndGlobal
